
Microsoft Visual Studio Solution File, Format Version 12.00
# Visual Studio Version 17
VisualStudioVersion = 17.14.36121.58
MinimumVisualStudioVersion = 10.0.40219.1
Project("{2150E333-8FDC-42A3-9474-1A3956D46DE8}") = "01.Clients", "01.Clients", "{02EA681E-C7D8-13C7-8484-4AC65E1B71E8}"
EndProject
Project("{2150E333-8FDC-42A3-9474-1A3956D46DE8}") = "02.API.Gateways", "02.API.Gateways", "{71213EAB-ED66-4EDC-8427-3C1C0D32C98A}"
EndProject
Project("{2150E333-8FDC-42A3-9474-1A3956D46DE8}") = "03.Services", "03.Services", "{661606E1-3651-45B1-9CE9-A34A28DFD611}"
EndProject
Project("{2150E333-8FDC-42A3-9474-1A3956D46DE8}") = "04.Common", "04.Common", "{E9A5333E-946E-481D-B21C-B632959BAC62}"
EndProject
Project("{2150E333-8FDC-42A3-9474-1A3956D46DE8}") = "Web.Gateway", "Web.Gateway", "{830B82BB-68F8-4A9E-BFCD-01F5E0888F20}"
EndProject
Project("{2150E333-8FDC-42A3-9474-1A3956D46DE8}") = "01.Identity", "01.Identity", "{DB460C56-3C30-4DFF-A685-6CB4356D5205}"
EndProject
Project("{2150E333-8FDC-42A3-9474-1A3956D46DE8}") = "02.Catalog", "02.Catalog", "{2154DEED-17FA-4B9C-9C6F-361E977C47D3}"
EndProject
Project("{2150E333-8FDC-42A3-9474-1A3956D46DE8}") = "03.Customer", "03.Customer", "{AC02B2EC-6585-4FEF-B7C6-8ACE3D68735D}"
EndProject
Project("{2150E333-8FDC-42A3-9474-1A3956D46DE8}") = "04.Order", "04.Order", "{29226A0F-2787-43BF-BF00-4FE74E83E201}"
EndProject
Project("{2150E333-8FDC-42A3-9474-1A3956D46DE8}") = "05.Common", "05.Common", "{9E3F1182-1A61-4E89-9D26-366022092107}"
EndProject
Project("{FAE04EC0-301F-11D3-BF4B-00C04F79EFBC}") = "Catalog.API", "src\Services\Catalog\Catalog.API\Catalog.API.csproj", "{BD3A6152-78CB-429C-948B-19256C90A93E}"
EndProject
Project("{2150E333-8FDC-42A3-9474-1A3956D46DE8}") = "API", "API", "{32CAB1E0-8BFF-4FAE-88A7-30D3A5F90F6D}"
EndProject
Project("{2150E333-8FDC-42A3-9474-1A3956D46DE8}") = "Common", "Common", "{21281B7B-6C8D-4EE6-B77E-85E9622E9DB7}"
EndProject
Project("{2150E333-8FDC-42A3-9474-1A3956D46DE8}") = "Models", "Models", "{BB02505F-C38F-44FE-8040-66643178E47B}"
EndProject
Project("{2150E333-8FDC-42A3-9474-1A3956D46DE8}") = "Persistence", "Persistence", "{B60B9711-0B0C-4B99-A9A5-A80138693CF7}"
EndProject
Project("{2150E333-8FDC-42A3-9474-1A3956D46DE8}") = "Services", "Services", "{C29E6498-C463-432C-AB2E-D61594BF45D7}"
EndProject
Project("{FAE04EC0-301F-11D3-BF4B-00C04F79EFBC}") = "Catalog.Domain", "src\Services\Catalog\Catalog.Domain\Catalog.Domain.csproj", "{76A424E0-2E41-4C1A-8D48-7FC4CD5ED8C9}"
EndProject
Project("{FAE04EC0-301F-11D3-BF4B-00C04F79EFBC}") = "Catalog.Persistence.Database", "src\Services\Catalog\Catalog.Persistence.Database\Catalog.Persistence.Database.csproj", "{C11995EA-2698-41AE-BD49-BBBA72F14A5C}"
EndProject
Global
	GlobalSection(SolutionConfigurationPlatforms) = preSolution
		Debug|Any CPU = Debug|Any CPU
		Release|Any CPU = Release|Any CPU
	EndGlobalSection
	GlobalSection(ProjectConfigurationPlatforms) = postSolution
		{BD3A6152-78CB-429C-948B-19256C90A93E}.Debug|Any CPU.ActiveCfg = Debug|Any CPU
		{BD3A6152-78CB-429C-948B-19256C90A93E}.Debug|Any CPU.Build.0 = Debug|Any CPU
		{BD3A6152-78CB-429C-948B-19256C90A93E}.Release|Any CPU.ActiveCfg = Release|Any CPU
		{BD3A6152-78CB-429C-948B-19256C90A93E}.Release|Any CPU.Build.0 = Release|Any CPU
		{76A424E0-2E41-4C1A-8D48-7FC4CD5ED8C9}.Debug|Any CPU.ActiveCfg = Debug|Any CPU
		{76A424E0-2E41-4C1A-8D48-7FC4CD5ED8C9}.Debug|Any CPU.Build.0 = Debug|Any CPU
		{76A424E0-2E41-4C1A-8D48-7FC4CD5ED8C9}.Release|Any CPU.ActiveCfg = Release|Any CPU
		{76A424E0-2E41-4C1A-8D48-7FC4CD5ED8C9}.Release|Any CPU.Build.0 = Release|Any CPU
		{C11995EA-2698-41AE-BD49-BBBA72F14A5C}.Debug|Any CPU.ActiveCfg = Debug|Any CPU
		{C11995EA-2698-41AE-BD49-BBBA72F14A5C}.Debug|Any CPU.Build.0 = Debug|Any CPU
		{C11995EA-2698-41AE-BD49-BBBA72F14A5C}.Release|Any CPU.ActiveCfg = Release|Any CPU
		{C11995EA-2698-41AE-BD49-BBBA72F14A5C}.Release|Any CPU.Build.0 = Release|Any CPU
	EndGlobalSection
	GlobalSection(SolutionProperties) = preSolution
		HideSolutionNode = FALSE
	EndGlobalSection
	GlobalSection(NestedProjects) = preSolution
		{830B82BB-68F8-4A9E-BFCD-01F5E0888F20} = {71213EAB-ED66-4EDC-8427-3C1C0D32C98A}
		{DB460C56-3C30-4DFF-A685-6CB4356D5205} = {661606E1-3651-45B1-9CE9-A34A28DFD611}
		{2154DEED-17FA-4B9C-9C6F-361E977C47D3} = {661606E1-3651-45B1-9CE9-A34A28DFD611}
		{AC02B2EC-6585-4FEF-B7C6-8ACE3D68735D} = {661606E1-3651-45B1-9CE9-A34A28DFD611}
		{29226A0F-2787-43BF-BF00-4FE74E83E201} = {661606E1-3651-45B1-9CE9-A34A28DFD611}
		{9E3F1182-1A61-4E89-9D26-366022092107} = {661606E1-3651-45B1-9CE9-A34A28DFD611}
		{BD3A6152-78CB-429C-948B-19256C90A93E} = {32CAB1E0-8BFF-4FAE-88A7-30D3A5F90F6D}
		{32CAB1E0-8BFF-4FAE-88A7-30D3A5F90F6D} = {2154DEED-17FA-4B9C-9C6F-361E977C47D3}
		{21281B7B-6C8D-4EE6-B77E-85E9622E9DB7} = {2154DEED-17FA-4B9C-9C6F-361E977C47D3}
		{BB02505F-C38F-44FE-8040-66643178E47B} = {2154DEED-17FA-4B9C-9C6F-361E977C47D3}
		{B60B9711-0B0C-4B99-A9A5-A80138693CF7} = {2154DEED-17FA-4B9C-9C6F-361E977C47D3}
		{C29E6498-C463-432C-AB2E-D61594BF45D7} = {2154DEED-17FA-4B9C-9C6F-361E977C47D3}
		{76A424E0-2E41-4C1A-8D48-7FC4CD5ED8C9} = {BB02505F-C38F-44FE-8040-66643178E47B}
		{C11995EA-2698-41AE-BD49-BBBA72F14A5C} = {B60B9711-0B0C-4B99-A9A5-A80138693CF7}
	EndGlobalSection
	GlobalSection(ExtensibilityGlobals) = postSolution
		SolutionGuid = {DCB4F5E2-54CA-4593-8DC2-B28E134C31BF}
	EndGlobalSection
EndGlobal
